# This file is automatically @generated by Cargo.
# It is not intended for manual editing.
version = 4

[[package]]
name = "pinion-cli"
version = "0.0.1"
dependencies = [
 "pinion-core",
 "pinion-rpc",
 "pinion-runtime",
]

[[package]]
name = "pinion-core"
version = "0.0.1"

[[package]]
name = "pinion-rpc"
version = "0.0.1"
dependencies = [
 "pinion-core",
]

[[package]]
name = "pinion-runtime"
version = "0.0.1"
dependencies = [
 "pinion-core",
]
